{
  "name": "file-upload-firestorage",
  "version": "0.2.0",
  "lockfileVersion": 1,
  "requires": true,
  "dependencies": {
    "hammerjs": {
      "version": "2.0.8",
      "resolved": "https://registry.npmjs.org/hammerjs/-/hammerjs-2.0.8.tgz",
      "integrity": "sha1-BO93hiz/K7edMPdpIJWTAiK/YPE=",
      "optional": true
    },
    "ngx-image-cropper": {
      "version": "3.2.1",
      "resolved": "https://registry.npmjs.org/ngx-image-cropper/-/ngx-image-cropper-3.2.1.tgz",
      "integrity": "sha512-5EmPVtb1ywdmPMJ2kXgfv7UgqxFaw6AtaFHGpuP0IpCSx5/u08Pt0ClB0LaI6TXcMIefhXK17W85MvkppuvBag==",
      "requires": {
        "hammerjs": "^2.0.8",
        "tslib": "^1.9.0"
      }
    },
    "tslib": {
      "version": "1.13.0",
      "resolved": "https://registry.npmjs.org/tslib/-/tslib-1.13.0.tgz",
      "integrity": "sha512-i/6DQjL8Xf3be4K/E6Wgpekn5Qasl1usyw++dAA35Ue5orEn65VIxOA+YvNNl9HV3qv70T7CNwjODHZrLwvd1Q=="
    }
  }
}
